
Microsoft Visual Studio Solution File, Format Version 9.00
# Visual Studio 2005
Project("{8BC9CEB8-8B4A-11D0-8D11-00A0C91BC942}") = "example", "example.vcproj", "{FBB5B376-55B5-4B8A-AA6E-0D2A562B2A1D}"
	ProjectSection(ProjectDependencies) = postProject
		{3F601B14-BBCC-4486-B63A-E154C18F3C15} = {3F601B14-BBCC-4486-B63A-E154C18F3C15}
	EndProjectSection
EndProject
Project("{8BC9CEB8-8B4A-11D0-8D11-00A0C91BC942}") = "minigzip", "minigzip.vcproj", "{CEEAFDA8-3495-49C9-936B-A74BC52DEB9A}"
	ProjectSection(ProjectDependencies) = postProject
		{3F601B14-BBCC-4486-B63A-E154C18F3C15} = {3F601B14-BBCC-4486-B63A-E154C18F3C15}
	EndProjectSection
EndProject
Project("{8BC9CEB8-8B4A-11D0-8D11-00A0C91BC942}") = "zlib", "zlib.vcproj", "{3F601B14-BBCC-4486-B63A-E154C18F3C15}"
EndProject
Global
	GlobalSection(SolutionConfigurationPlatforms) = preSolution
		DLL ASM Debug|Win32 = DLL ASM Debug|Win32
		DLL ASM Release|Win32 = DLL ASM Release|Win32
		DLL Debug|Win32 = DLL Debug|Win32
		DLL Release|Win32 = DLL Release|Win32
		LIB ASM Debug|Win32 = LIB ASM Debug|Win32
		LIB ASM Release|Win32 = LIB ASM Release|Win32
		LIB Debug|Win32 = LIB Debug|Win32
		LIB Release|Win32 = LIB Release|Win32
	EndGlobalSection
	GlobalSection(ProjectConfigurationPlatforms) = postSolution
		{FBB5B376-55B5-4B8A-AA6E-0D2A562B2A1D}.DLL ASM Debug|Win32.ActiveCfg = DLL ASM Debug|Win32
		{FBB5B376-55B5-4B8A-AA6E-0D2A562B2A1D}.DLL ASM Debug|Win32.Build.0 = DLL ASM Debug|Win32
		{FBB5B376-55B5-4B8A-AA6E-0D2A562B2A1D}.DLL ASM Release|Win32.ActiveCfg = DLL ASM Release|Win32
		{FBB5B376-55B5-4B8A-AA6E-0D2A562B2A1D}.DLL ASM Release|Win32.Build.0 = DLL ASM Release|Win32
		{FBB5B376-55B5-4B8A-AA6E-0D2A562B2A1D}.DLL Debug|Win32.ActiveCfg = DLL Debug|Win32
		{FBB5B376-55B5-4B8A-AA6E-0D2A562B2A1D}.DLL Debug|Win32.Build.0 = DLL Debug|Win32
		{FBB5B376-55B5-4B8A-AA6E-0D2A562B2A1D}.DLL Release|Win32.ActiveCfg = DLL Release|Win32
		{FBB5B376-55B5-4B8A-AA6E-0D2A562B2A1D}.DLL Release|Win32.Build.0 = DLL Release|Win32
		{FBB5B376-55B5-4B8A-AA6E-0D2A562B2A1D}.LIB ASM Debug|Win32.ActiveCfg = LIB ASM Debug|Win32
		{FBB5B376-55B5-4B8A-AA6E-0D2A562B2A1D}.LIB ASM Debug|Win32.Build.0 = LIB ASM Debug|Win32
		{FBB5B376-55B5-4B8A-AA6E-0D2A562B2A1D}.LIB ASM Release|Win32.ActiveCfg = LIB ASM Release|Win32
		{FBB5B376-55B5-4B8A-AA6E-0D2A562B2A1D}.LIB ASM Release|Win32.Build.0 = LIB ASM Release|Win32
		{FBB5B376-55B5-4B8A-AA6E-0D2A562B2A1D}.LIB Debug|Win32.ActiveCfg = LIB Debug|Win32
		{FBB5B376-55B5-4B8A-AA6E-0D2A562B2A1D}.LIB Debug|Win32.Build.0 = LIB Debug|Win32
		{FBB5B376-55B5-4B8A-AA6E-0D2A562B2A1D}.LIB Release|Win32.ActiveCfg = LIB Release|Win32
		{FBB5B376-55B5-4B8A-AA6E-0D2A562B2A1D}.LIB Release|Win32.Build.0 = LIB Release|Win32
		{CEEAFDA8-3495-49C9-936B-A74BC52DEB9A}.DLL ASM Debug|Win32.ActiveCfg = DLL ASM Debug|Win32
		{CEEAFDA8-3495-49C9-936B-A74BC52DEB9A}.DLL ASM Debug|Win32.Build.0 = DLL ASM Debug|Win32
		{CEEAFDA8-3495-49C9-936B-A74BC52DEB9A}.DLL ASM Release|Win32.ActiveCfg = DLL ASM Release|Win32
		{CEEAFDA8-3495-49C9-936B-A74BC52DEB9A}.DLL ASM Release|Win32.Build.0 = DLL ASM Release|Win32
		{CEEAFDA8-3495-49C9-936B-A74BC52DEB9A}.DLL Debug|Win32.ActiveCfg = DLL Debug|Win32
		{CEEAFDA8-3495-49C9-936B-A74BC52DEB9A}.DLL Debug|Win32.Build.0 = DLL Debug|Win32
		{CEEAFDA8-3495-49C9-936B-A74BC52DEB9A}.DLL Release|Win32.ActiveCfg = DLL Release|Win32
		{CEEAFDA8-3495-49C9-936B-A74BC52DEB9A}.DLL Release|Win32.Build.0 = DLL Release|Win32
		{CEEAFDA8-3495-49C9-936B-A74BC52DEB9A}.LIB ASM Debug|Win32.ActiveCfg = LIB ASM Debug|Win32
		{CEEAFDA8-3495-49C9-936B-A74BC52DEB9A}.LIB ASM Debug|Win32.Build.0 = LIB ASM Debug|Win32
		{CEEAFDA8-3495-49C9-936B-A74BC52DEB9A}.LIB ASM Release|Win32.ActiveCfg = LIB ASM Release|Win32
		{CEEAFDA8-3495-49C9-936B-A74BC52DEB9A}.LIB ASM Release|Win32.Build.0 = LIB ASM Release|Win32
		{CEEAFDA8-3495-49C9-936B-A74BC52DEB9A}.LIB Debug|Win32.ActiveCfg = LIB Debug|Win32
		{CEEAFDA8-3495-49C9-936B-A74BC52DEB9A}.LIB Debug|Win32.Build.0 = LIB Debug|Win32
		{CEEAFDA8-3495-49C9-936B-A74BC52DEB9A}.LIB Release|Win32.ActiveCfg = LIB Release|Win32
		{CEEAFDA8-3495-49C9-936B-A74BC52DEB9A}.LIB Release|Win32.Build.0 = LIB Release|Win32
		{3F601B14-BBCC-4486-B63A-E154C18F3C15}.DLL ASM Debug|Win32.ActiveCfg = DLL ASM Debug|Win32
		{3F601B14-BBCC-4486-B63A-E154C18F3C15}.DLL ASM Debug|Win32.Build.0 = DLL ASM Debug|Win32
		{3F601B14-BBCC-4486-B63A-E154C18F3C15}.DLL ASM Release|Win32.ActiveCfg = DLL ASM Release|Win32
		{3F601B14-BBCC-4486-B63A-E154C18F3C15}.DLL ASM Release|Win32.Build.0 = DLL ASM Release|Win32
		{3F601B14-BBCC-4486-B63A-E154C18F3C15}.DLL Debug|Win32.ActiveCfg = DLL Debug|Win32
		{3F601B14-BBCC-4486-B63A-E154C18F3C15}.DLL Debug|Win32.Build.0 = DLL Debug|Win32
		{3F601B14-BBCC-4486-B63A-E154C18F3C15}.DLL Release|Win32.ActiveCfg = DLL Release|Win32
		{3F601B14-BBCC-4486-B63A-E154C18F3C15}.DLL Release|Win32.Build.0 = DLL Release|Win32
		{3F601B14-BBCC-4486-B63A-E154C18F3C15}.LIB ASM Debug|Win32.ActiveCfg = LIB ASM Debug|Win32
		{3F601B14-BBCC-4486-B63A-E154C18F3C15}.LIB ASM Debug|Win32.Build.0 = LIB ASM Debug|Win32
		{3F601B14-BBCC-4486-B63A-E154C18F3C15}.LIB ASM Release|Win32.ActiveCfg = LIB ASM Release|Win32
		{3F601B14-BBCC-4486-B63A-E154C18F3C15}.LIB ASM Release|Win32.Build.0 = LIB ASM Release|Win32
		{3F601B14-BBCC-4486-B63A-E154C18F3C15}.LIB Debug|Win32.ActiveCfg = LIB Debug|Win32
		{3F601B14-BBCC-4486-B63A-E154C18F3C15}.LIB Debug|Win32.Build.0 = LIB Debug|Win32
		{3F601B14-BBCC-4486-B63A-E154C18F3C15}.LIB Release|Win32.ActiveCfg = LIB Release|Win32
		{3F601B14-BBCC-4486-B63A-E154C18F3C15}.LIB Release|Win32.Build.0 = LIB Release|Win32
	EndGlobalSection
	GlobalSection(SolutionProperties) = preSolution
		HideSolutionNode = FALSE
	EndGlobalSection
EndGlobal
